
Microsoft Visual Studio Solution File, Format Version 12.00
# Visual Studio 2013
VisualStudioVersion = 12.0.40629.0
MinimumVisualStudioVersion = 10.0.40219.1
Project("{FAE04EC0-301F-11D3-BF4B-00C04F79EFBC}") = "DriveInfo", "DriveInfo\DriveInfo.csproj", "{F4D0EB07-5241-4280-B697-00C0A7C66E01}"
EndProject
Project("{FAE04EC0-301F-11D3-BF4B-00C04F79EFBC}") = "LAB1.DrivesInfo", "LAB1.DrivesInfo\LAB1.DrivesInfo.csproj", "{D7976809-519C-4685-AB60-A00780295383}"
EndProject
Project("{FAE04EC0-301F-11D3-BF4B-00C04F79EFBC}") = "USBEject", "USBEject\USBEject.csproj", "{5B68F5EA-218C-44E1-92F3-4615F5FB71BB}"
EndProject
Project("{FAE04EC0-301F-11D3-BF4B-00C04F79EFBC}") = "UsbEjectUI", "UsbEjectUI\UsbEjectUI.csproj", "{AD64DF30-2976-415B-AB44-E1DF8485B3E2}"
EndProject
Project("{FAE04EC0-301F-11D3-BF4B-00C04F79EFBC}") = "WifiSH", "WifiSH\WifiSH.csproj", "{DFB099CC-F1CE-417A-A351-17F1CD853DCF}"
EndProject
Project("{FAE04EC0-301F-11D3-BF4B-00C04F79EFBC}") = "ConsoleApplication3", "ConsoleApplication3\ConsoleApplication3.csproj", "{1510F7BD-3584-4022-B1F8-A4CAD20796B4}"
EndProject
Project("{8BC9CEB8-8B4A-11D0-8D11-00A0C91BC942}") = "TransferMode", "TransferMode\TransferMode.vcxproj", "{99097DCE-A87B-4181-894E-95F063B33D05}"
EndProject
Project("{FAE04EC0-301F-11D3-BF4B-00C04F79EFBC}") = "MTPDevices", "MTPDevices\MTPDevices.csproj", "{690377B4-FA70-4FC7-81A2-19847BACB91B}"
EndProject
Global
	GlobalSection(SolutionConfigurationPlatforms) = preSolution
		Debug|Any CPU = Debug|Any CPU
		Debug|Mixed Platforms = Debug|Mixed Platforms
		Debug|Win32 = Debug|Win32
		Release|Any CPU = Release|Any CPU
		Release|Mixed Platforms = Release|Mixed Platforms
		Release|Win32 = Release|Win32
	EndGlobalSection
	GlobalSection(ProjectConfigurationPlatforms) = postSolution
		{F4D0EB07-5241-4280-B697-00C0A7C66E01}.Debug|Any CPU.ActiveCfg = Debug|Any CPU
		{F4D0EB07-5241-4280-B697-00C0A7C66E01}.Debug|Any CPU.Build.0 = Debug|Any CPU
		{F4D0EB07-5241-4280-B697-00C0A7C66E01}.Debug|Mixed Platforms.ActiveCfg = Debug|Any CPU
		{F4D0EB07-5241-4280-B697-00C0A7C66E01}.Debug|Mixed Platforms.Build.0 = Debug|Any CPU
		{F4D0EB07-5241-4280-B697-00C0A7C66E01}.Debug|Win32.ActiveCfg = Debug|Any CPU
		{F4D0EB07-5241-4280-B697-00C0A7C66E01}.Release|Any CPU.ActiveCfg = Release|Any CPU
		{F4D0EB07-5241-4280-B697-00C0A7C66E01}.Release|Any CPU.Build.0 = Release|Any CPU
		{F4D0EB07-5241-4280-B697-00C0A7C66E01}.Release|Mixed Platforms.ActiveCfg = Release|Any CPU
		{F4D0EB07-5241-4280-B697-00C0A7C66E01}.Release|Mixed Platforms.Build.0 = Release|Any CPU
		{F4D0EB07-5241-4280-B697-00C0A7C66E01}.Release|Win32.ActiveCfg = Release|Any CPU
		{D7976809-519C-4685-AB60-A00780295383}.Debug|Any CPU.ActiveCfg = Debug|Any CPU
		{D7976809-519C-4685-AB60-A00780295383}.Debug|Any CPU.Build.0 = Debug|Any CPU
		{D7976809-519C-4685-AB60-A00780295383}.Debug|Mixed Platforms.ActiveCfg = Debug|Any CPU
		{D7976809-519C-4685-AB60-A00780295383}.Debug|Mixed Platforms.Build.0 = Debug|Any CPU
		{D7976809-519C-4685-AB60-A00780295383}.Debug|Win32.ActiveCfg = Debug|Any CPU
		{D7976809-519C-4685-AB60-A00780295383}.Release|Any CPU.ActiveCfg = Release|Any CPU
		{D7976809-519C-4685-AB60-A00780295383}.Release|Any CPU.Build.0 = Release|Any CPU
		{D7976809-519C-4685-AB60-A00780295383}.Release|Mixed Platforms.ActiveCfg = Release|Any CPU
		{D7976809-519C-4685-AB60-A00780295383}.Release|Mixed Platforms.Build.0 = Release|Any CPU
		{D7976809-519C-4685-AB60-A00780295383}.Release|Win32.ActiveCfg = Release|Any CPU
		{5B68F5EA-218C-44E1-92F3-4615F5FB71BB}.Debug|Any CPU.ActiveCfg = Debug|Any CPU
		{5B68F5EA-218C-44E1-92F3-4615F5FB71BB}.Debug|Any CPU.Build.0 = Debug|Any CPU
		{5B68F5EA-218C-44E1-92F3-4615F5FB71BB}.Debug|Mixed Platforms.ActiveCfg = Debug|Any CPU
		{5B68F5EA-218C-44E1-92F3-4615F5FB71BB}.Debug|Mixed Platforms.Build.0 = Debug|Any CPU
		{5B68F5EA-218C-44E1-92F3-4615F5FB71BB}.Debug|Win32.ActiveCfg = Debug|Any CPU
		{5B68F5EA-218C-44E1-92F3-4615F5FB71BB}.Release|Any CPU.ActiveCfg = Release|Any CPU
		{5B68F5EA-218C-44E1-92F3-4615F5FB71BB}.Release|Any CPU.Build.0 = Release|Any CPU
		{5B68F5EA-218C-44E1-92F3-4615F5FB71BB}.Release|Mixed Platforms.ActiveCfg = Release|Any CPU
		{5B68F5EA-218C-44E1-92F3-4615F5FB71BB}.Release|Mixed Platforms.Build.0 = Release|Any CPU
		{5B68F5EA-218C-44E1-92F3-4615F5FB71BB}.Release|Win32.ActiveCfg = Release|Any CPU
		{AD64DF30-2976-415B-AB44-E1DF8485B3E2}.Debug|Any CPU.ActiveCfg = Debug|Any CPU
		{AD64DF30-2976-415B-AB44-E1DF8485B3E2}.Debug|Any CPU.Build.0 = Debug|Any CPU
		{AD64DF30-2976-415B-AB44-E1DF8485B3E2}.Debug|Mixed Platforms.ActiveCfg = Debug|Any CPU
		{AD64DF30-2976-415B-AB44-E1DF8485B3E2}.Debug|Mixed Platforms.Build.0 = Debug|Any CPU
		{AD64DF30-2976-415B-AB44-E1DF8485B3E2}.Debug|Win32.ActiveCfg = Debug|Any CPU
		{AD64DF30-2976-415B-AB44-E1DF8485B3E2}.Release|Any CPU.ActiveCfg = Release|Any CPU
		{AD64DF30-2976-415B-AB44-E1DF8485B3E2}.Release|Any CPU.Build.0 = Release|Any CPU
		{AD64DF30-2976-415B-AB44-E1DF8485B3E2}.Release|Mixed Platforms.ActiveCfg = Release|Any CPU
		{AD64DF30-2976-415B-AB44-E1DF8485B3E2}.Release|Mixed Platforms.Build.0 = Release|Any CPU
		{AD64DF30-2976-415B-AB44-E1DF8485B3E2}.Release|Win32.ActiveCfg = Release|Any CPU
		{DFB099CC-F1CE-417A-A351-17F1CD853DCF}.Debug|Any CPU.ActiveCfg = Debug|Any CPU
		{DFB099CC-F1CE-417A-A351-17F1CD853DCF}.Debug|Any CPU.Build.0 = Debug|Any CPU
		{DFB099CC-F1CE-417A-A351-17F1CD853DCF}.Debug|Mixed Platforms.ActiveCfg = Debug|Any CPU
		{DFB099CC-F1CE-417A-A351-17F1CD853DCF}.Debug|Mixed Platforms.Build.0 = Debug|Any CPU
		{DFB099CC-F1CE-417A-A351-17F1CD853DCF}.Debug|Win32.ActiveCfg = Debug|Any CPU
		{DFB099CC-F1CE-417A-A351-17F1CD853DCF}.Release|Any CPU.ActiveCfg = Release|Any CPU
		{DFB099CC-F1CE-417A-A351-17F1CD853DCF}.Release|Any CPU.Build.0 = Release|Any CPU
		{DFB099CC-F1CE-417A-A351-17F1CD853DCF}.Release|Mixed Platforms.ActiveCfg = Release|Any CPU
		{DFB099CC-F1CE-417A-A351-17F1CD853DCF}.Release|Mixed Platforms.Build.0 = Release|Any CPU
		{DFB099CC-F1CE-417A-A351-17F1CD853DCF}.Release|Win32.ActiveCfg = Release|Any CPU
		{1510F7BD-3584-4022-B1F8-A4CAD20796B4}.Debug|Any CPU.ActiveCfg = Debug|Any CPU
		{1510F7BD-3584-4022-B1F8-A4CAD20796B4}.Debug|Any CPU.Build.0 = Debug|Any CPU
		{1510F7BD-3584-4022-B1F8-A4CAD20796B4}.Debug|Mixed Platforms.ActiveCfg = Debug|Any CPU
		{1510F7BD-3584-4022-B1F8-A4CAD20796B4}.Debug|Mixed Platforms.Build.0 = Debug|Any CPU
		{1510F7BD-3584-4022-B1F8-A4CAD20796B4}.Debug|Win32.ActiveCfg = Debug|Any CPU
		{1510F7BD-3584-4022-B1F8-A4CAD20796B4}.Release|Any CPU.ActiveCfg = Release|Any CPU
		{1510F7BD-3584-4022-B1F8-A4CAD20796B4}.Release|Any CPU.Build.0 = Release|Any CPU
		{1510F7BD-3584-4022-B1F8-A4CAD20796B4}.Release|Mixed Platforms.ActiveCfg = Release|Any CPU
		{1510F7BD-3584-4022-B1F8-A4CAD20796B4}.Release|Mixed Platforms.Build.0 = Release|Any CPU
		{1510F7BD-3584-4022-B1F8-A4CAD20796B4}.Release|Win32.ActiveCfg = Release|Any CPU
		{99097DCE-A87B-4181-894E-95F063B33D05}.Debug|Any CPU.ActiveCfg = Debug|Win32
		{99097DCE-A87B-4181-894E-95F063B33D05}.Debug|Mixed Platforms.ActiveCfg = Debug|Win32
		{99097DCE-A87B-4181-894E-95F063B33D05}.Debug|Mixed Platforms.Build.0 = Debug|Win32
		{99097DCE-A87B-4181-894E-95F063B33D05}.Debug|Win32.ActiveCfg = Debug|Win32
		{99097DCE-A87B-4181-894E-95F063B33D05}.Debug|Win32.Build.0 = Debug|Win32
		{99097DCE-A87B-4181-894E-95F063B33D05}.Release|Any CPU.ActiveCfg = Release|Win32
		{99097DCE-A87B-4181-894E-95F063B33D05}.Release|Mixed Platforms.ActiveCfg = Release|Win32
		{99097DCE-A87B-4181-894E-95F063B33D05}.Release|Mixed Platforms.Build.0 = Release|Win32
		{99097DCE-A87B-4181-894E-95F063B33D05}.Release|Win32.ActiveCfg = Release|Win32
		{99097DCE-A87B-4181-894E-95F063B33D05}.Release|Win32.Build.0 = Release|Win32
		{690377B4-FA70-4FC7-81A2-19847BACB91B}.Debug|Any CPU.ActiveCfg = Debug|Any CPU
		{690377B4-FA70-4FC7-81A2-19847BACB91B}.Debug|Any CPU.Build.0 = Debug|Any CPU
		{690377B4-FA70-4FC7-81A2-19847BACB91B}.Debug|Mixed Platforms.ActiveCfg = Debug|Any CPU
		{690377B4-FA70-4FC7-81A2-19847BACB91B}.Debug|Mixed Platforms.Build.0 = Debug|Any CPU
		{690377B4-FA70-4FC7-81A2-19847BACB91B}.Debug|Win32.ActiveCfg = Debug|Any CPU
		{690377B4-FA70-4FC7-81A2-19847BACB91B}.Release|Any CPU.ActiveCfg = Release|Any CPU
		{690377B4-FA70-4FC7-81A2-19847BACB91B}.Release|Any CPU.Build.0 = Release|Any CPU
		{690377B4-FA70-4FC7-81A2-19847BACB91B}.Release|Mixed Platforms.ActiveCfg = Release|Any CPU
		{690377B4-FA70-4FC7-81A2-19847BACB91B}.Release|Mixed Platforms.Build.0 = Release|Any CPU
		{690377B4-FA70-4FC7-81A2-19847BACB91B}.Release|Win32.ActiveCfg = Release|Any CPU
	EndGlobalSection
	GlobalSection(SolutionProperties) = preSolution
		HideSolutionNode = FALSE
	EndGlobalSection
EndGlobal
